
Microsoft Visual Studio Solution File, Format Version 12.00
# Visual Studio Version 17
VisualStudioVersion = 17.0.31903.59
MinimumVisualStudioVersion = 10.0.40219.1
Project("{9A19103F-16F7-4668-BE54-9A1E7A4F7556}") = "BibliotecaApi", "BibliotecaApi.csproj", "{7A5655BC-B55B-472A-A094-B7F561C53469}"
EndProject
Project("{FAE04EC0-301F-11D3-BF4B-00C04F79EFBC}") = "BibliotecaApi.Tests", "..\BibliotecaApi.Tests\BibliotecaApi.Tests.csproj", "{CC306D0B-CC80-4AF4-AA8F-9DD6E53A8CC1}"
EndProject
Global
	GlobalSection(SolutionConfigurationPlatforms) = preSolution
		Debug|Any CPU = Debug|Any CPU
		Release|Any CPU = Release|Any CPU
	EndGlobalSection
	GlobalSection(ProjectConfigurationPlatforms) = postSolution
		{7A5655BC-B55B-472A-A094-B7F561C53469}.Debug|Any CPU.ActiveCfg = Debug|Any CPU
		{7A5655BC-B55B-472A-A094-B7F561C53469}.Debug|Any CPU.Build.0 = Debug|Any CPU
		{7A5655BC-B55B-472A-A094-B7F561C53469}.Release|Any CPU.ActiveCfg = Release|Any CPU
		{7A5655BC-B55B-472A-A094-B7F561C53469}.Release|Any CPU.Build.0 = Release|Any CPU
		{CC306D0B-CC80-4AF4-AA8F-9DD6E53A8CC1}.Debug|Any CPU.ActiveCfg = Debug|Any CPU
		{CC306D0B-CC80-4AF4-AA8F-9DD6E53A8CC1}.Debug|Any CPU.Build.0 = Debug|Any CPU
		{CC306D0B-CC80-4AF4-AA8F-9DD6E53A8CC1}.Release|Any CPU.ActiveCfg = Release|Any CPU
		{CC306D0B-CC80-4AF4-AA8F-9DD6E53A8CC1}.Release|Any CPU.Build.0 = Release|Any CPU
	EndGlobalSection
	GlobalSection(SolutionProperties) = preSolution
		HideSolutionNode = FALSE
	EndGlobalSection
	GlobalSection(ExtensibilityGlobals) = postSolution
		SolutionGuid = {014FD2E8-0058-447B-911D-7BB50700F51F}
	EndGlobalSection
EndGlobal
